
Microsoft Visual Studio Solution File, Format Version 12.00
# Visual Studio Version 17
VisualStudioVersion = 17.0.31903.59
MinimumVisualStudioVersion = 10.0.40219.1
Project("{9A19103F-16F7-4668-BE54-9A1E7A4F7556}") = "Skybrud.Umbraco.BorgerDk", "Skybrud.Umbraco.BorgerDk\Skybrud.Umbraco.BorgerDk.csproj", "{C2DCFD6F-4E63-4F17-B2E3-8635B3DC2167}"
EndProject
Global
	GlobalSection(SolutionConfigurationPlatforms) = preSolution
		Debug|Any CPU = Debug|Any CPU
		Release|Any CPU = Release|Any CPU
	EndGlobalSection
	GlobalSection(ProjectConfigurationPlatforms) = postSolution
		{C2DCFD6F-4E63-4F17-B2E3-8635B3DC2167}.Debug|Any CPU.ActiveCfg = Debug|Any CPU
		{C2DCFD6F-4E63-4F17-B2E3-8635B3DC2167}.Debug|Any CPU.Build.0 = Debug|Any CPU
		{C2DCFD6F-4E63-4F17-B2E3-8635B3DC2167}.Release|Any CPU.ActiveCfg = Release|Any CPU
		{C2DCFD6F-4E63-4F17-B2E3-8635B3DC2167}.Release|Any CPU.Build.0 = Release|Any CPU
	EndGlobalSection
	GlobalSection(SolutionProperties) = preSolution
		HideSolutionNode = FALSE
	EndGlobalSection
	GlobalSection(ExtensibilityGlobals) = postSolution
		SolutionGuid = {C3736CF8-F653-4ABF-8C07-DC42F9CDF5BC}
	EndGlobalSection
EndGlobal
